// !$*UTF8*$!
{
	archiveVersion = 1;
	classes = {
	};
	objectVersion = 51;
	objects = {

/* Begin PBXBuildFile section */
		C339D1F624FB604A00A5B62B /* DatabaseManager.swift in Sources */ = {isa = PBXBuildFile; fileRef = C339D1F524FB604A00A5B62B /* DatabaseManager.swift */; };
		C339D1F824FB60B800A5B62B /* AuthManager.swift in Sources */ = {isa = PBXBuildFile; fileRef = C339D1F724FB60B800A5B62B /* AuthManager.swift */; };
		C339D1FA24FBC59E00A5B62B /* Extensions.swift in Sources */ = {isa = PBXBuildFile; fileRef = C339D1F924FBC59E00A5B62B /* Extensions.swift */; };
		C33B9BEB24F90F8000ED6974 /* AppDelegate.swift in Sources */ = {isa = PBXBuildFile; fileRef = C33B9BEA24F90F8000ED6974 /* AppDelegate.swift */; };
		C33B9BED24F90F8000ED6974 /* SceneDelegate.swift in Sources */ = {isa = PBXBuildFile; fileRef = C33B9BEC24F90F8000ED6974 /* SceneDelegate.swift */; };
		C33B9BEF24F90F8000ED6974 /* ChatViewController.swift in Sources */ = {isa = PBXBuildFile; fileRef = C33B9BEE24F90F8000ED6974 /* ChatViewController.swift */; };
		C33B9BF224F90F8000ED6974 /* Main.storyboard in Resources */ = {isa = PBXBuildFile; fileRef = C33B9BF024F90F8000ED6974 /* Main.storyboard */; };
		C33B9BF424F90F8700ED6974 /* Assets.xcassets in Resources */ = {isa = PBXBuildFile; fileRef = C33B9BF324F90F8700ED6974 /* Assets.xcassets */; };
		C33B9BF724F90F8700ED6974 /* LaunchScreen.storyboard in Resources */ = {isa = PBXBuildFile; fileRef = C33B9BF524F90F8700ED6974 /* LaunchScreen.storyboard */; };
		C33B9C0524F9150600ED6974 /* LoginViewController.swift in Sources */ = {isa = PBXBuildFile; fileRef = C33B9C0424F9150600ED6974 /* LoginViewController.swift */; };
		C33B9C0724F9151000ED6974 /* RegisterViewController.swift in Sources */ = {isa = PBXBuildFile; fileRef = C33B9C0624F9151000ED6974 /* RegisterViewController.swift */; };
		C33B9C0924F9151B00ED6974 /* VideoPlayerViewController.swift in Sources */ = {isa = PBXBuildFile; fileRef = C33B9C0824F9151B00ED6974 /* VideoPlayerViewController.swift */; };
		C33B9C0B24F9152A00ED6974 /* PhotoViewerViewController.swift in Sources */ = {isa = PBXBuildFile; fileRef = C33B9C0A24F9152A00ED6974 /* PhotoViewerViewController.swift */; };
		C33B9C0D24F9153800ED6974 /* ProfileViewController.swift in Sources */ = {isa = PBXBuildFile; fileRef = C33B9C0C24F9153800ED6974 /* ProfileViewController.swift */; };
		C358E8FF24FA845000C9D542 /* GoogleService-Info.plist in Resources */ = {isa = PBXBuildFile; fileRef = C358E8FE24FA845000C9D542 /* GoogleService-Info.plist */; };
		C35FAEA924FE19BA00A98E91 /* ChatToConversationController.swift in Sources */ = {isa = PBXBuildFile; fileRef = C35FAEA824FE19BA00A98E91 /* ChatToConversationController.swift */; };
		C35FAEAB24FE292000A98E91 /* NewChatViewController.swift in Sources */ = {isa = PBXBuildFile; fileRef = C35FAEAA24FE292000A98E91 /* NewChatViewController.swift */; };
		E5C66007FE811193E96D94BC /* Pods_Messenger.framework in Frameworks */ = {isa = PBXBuildFile; fileRef = E52D7EBF3CFE522912ED9C63 /* Pods_Messenger.framework */; };
/* End PBXBuildFile section */

/* Begin PBXFileReference section */
		08408D852D8BFCF72C607357 /* Pods-Messenger.release.xcconfig */ = {isa = PBXFileReference; includeInIndex = 1; lastKnownFileType = text.xcconfig; name = "Pods-Messenger.release.xcconfig"; path = "Target Support Files/Pods-Messenger/Pods-Messenger.release.xcconfig"; sourceTree = "<group>"; };
		85D07D0E0FE3854251931C5E /* Pods-Messenger.debug.xcconfig */ = {isa = PBXFileReference; includeInIndex = 1; lastKnownFileType = text.xcconfig; name = "Pods-Messenger.debug.xcconfig"; path = "Target Support Files/Pods-Messenger/Pods-Messenger.debug.xcconfig"; sourceTree = "<group>"; };
		C339D1F524FB604A00A5B62B /* DatabaseManager.swift */ = {isa = PBXFileReference; lastKnownFileType = sourcecode.swift; path = DatabaseManager.swift; sourceTree = "<group>"; };
		C339D1F724FB60B800A5B62B /* AuthManager.swift */ = {isa = PBXFileReference; lastKnownFileType = sourcecode.swift; path = AuthManager.swift; sourceTree = "<group>"; };
		C339D1F924FBC59E00A5B62B /* Extensions.swift */ = {isa = PBXFileReference; lastKnownFileType = sourcecode.swift; path = Extensions.swift; sourceTree = "<group>"; };
		C33B9BE724F90F8000ED6974 /* Messenger.app */ = {isa = PBXFileReference; explicitFileType = wrapper.application; includeInIndex = 0; path = Messenger.app; sourceTree = BUILT_PRODUCTS_DIR; };
		C33B9BEA24F90F8000ED6974 /* AppDelegate.swift */ = {isa = PBXFileReference; lastKnownFileType = sourcecode.swift; path = AppDelegate.swift; sourceTree = "<group>"; };
		C33B9BEC24F90F8000ED6974 /* SceneDelegate.swift */ = {isa = PBXFileReference; lastKnownFileType = sourcecode.swift; path = SceneDelegate.swift; sourceTree = "<group>"; };
		C33B9BEE24F90F8000ED6974 /* ChatViewController.swift */ = {isa = PBXFileReference; lastKnownFileType = sourcecode.swift; path = ChatViewController.swift; sourceTree = "<group>"; };
		C33B9BF124F90F8000ED6974 /* Base */ = {isa = PBXFileReference; lastKnownFileType = file.storyboard; name = Base; path = Base.lproj/Main.storyboard; sourceTree = "<group>"; };
		C33B9BF324F90F8700ED6974 /* Assets.xcassets */ = {isa = PBXFileReference; lastKnownFileType = folder.assetcatalog; path = Assets.xcassets; sourceTree = "<group>"; };
		C33B9BF624F90F8700ED6974 /* Base */ = {isa = PBXFileReference; lastKnownFileType = file.storyboard; name = Base; path = Base.lproj/LaunchScreen.storyboard; sourceTree = "<group>"; };
		C33B9BF824F90F8700ED6974 /* Info.plist */ = {isa = PBXFileReference; lastKnownFileType = text.plist.xml; path = Info.plist; sourceTree = "<group>"; };
		C33B9C0424F9150600ED6974 /* LoginViewController.swift */ = {isa = PBXFileReference; lastKnownFileType = sourcecode.swift; path = LoginViewController.swift; sourceTree = "<group>"; };
		C33B9C0624F9151000ED6974 /* RegisterViewController.swift */ = {isa = PBXFileReference; lastKnownFileType = sourcecode.swift; path = RegisterViewController.swift; sourceTree = "<group>"; };
		C33B9C0824F9151B00ED6974 /* VideoPlayerViewController.swift */ = {isa = PBXFileReference; lastKnownFileType = sourcecode.swift; path = VideoPlayerViewController.swift; sourceTree = "<group>"; };
		C33B9C0A24F9152A00ED6974 /* PhotoViewerViewController.swift */ = {isa = PBXFileReference; lastKnownFileType = sourcecode.swift; path = PhotoViewerViewController.swift; sourceTree = "<group>"; };
		C33B9C0C24F9153800ED6974 /* ProfileViewController.swift */ = {isa = PBXFileReference; lastKnownFileType = sourcecode.swift; path = ProfileViewController.swift; sourceTree = "<group>"; };
		C358E8FE24FA845000C9D542 /* GoogleService-Info.plist */ = {isa = PBXFileReference; fileEncoding = 4; lastKnownFileType = text.plist.xml; path = "GoogleService-Info.plist"; sourceTree = "<group>"; };
		C35FAEA824FE19BA00A98E91 /* ChatToConversationController.swift */ = {isa = PBXFileReference; lastKnownFileType = sourcecode.swift; path = ChatToConversationController.swift; sourceTree = "<group>"; };
		C35FAEAA24FE292000A98E91 /* NewChatViewController.swift */ = {isa = PBXFileReference; lastKnownFileType = sourcecode.swift; path = NewChatViewController.swift; sourceTree = "<group>"; };
		E52D7EBF3CFE522912ED9C63 /* Pods_Messenger.framework */ = {isa = PBXFileReference; explicitFileType = wrapper.framework; includeInIndex = 0; path = Pods_Messenger.framework; sourceTree = BUILT_PRODUCTS_DIR; };
/* End PBXFileReference section */

/* Begin PBXFrameworksBuildPhase section */
		C33B9BE424F90F8000ED6974 /* Frameworks */ = {
			isa = PBXFrameworksBuildPhase;
			buildActionMask = 2147483647;
			files = (
				E5C66007FE811193E96D94BC /* Pods_Messenger.framework in Frameworks */,
			);
			runOnlyForDeploymentPostprocessing = 0;
		};
/* End PBXFrameworksBuildPhase section */

/* Begin PBXGroup section */
		28FC5A45C54C02670FCDC44A /* Frameworks */ = {
			isa = PBXGroup;
			children = (
				E52D7EBF3CFE522912ED9C63 /* Pods_Messenger.framework */,
			);
			name = Frameworks;
			sourceTree = "<group>";
		};
		364DD41FE7BD6E24F27701F9 /* Pods */ = {
			isa = PBXGroup;
			children = (
				85D07D0E0FE3854251931C5E /* Pods-Messenger.debug.xcconfig */,
				08408D852D8BFCF72C607357 /* Pods-Messenger.release.xcconfig */,
			);
			path = Pods;
			sourceTree = "<group>";
		};
		C33B9BDE24F90F8000ED6974 = {
			isa = PBXGroup;
			children = (
				C33B9BE924F90F8000ED6974 /* Messenger */,
				C33B9BE824F90F8000ED6974 /* Products */,
				364DD41FE7BD6E24F27701F9 /* Pods */,
				28FC5A45C54C02670FCDC44A /* Frameworks */,
			);
			sourceTree = "<group>";
		};
		C33B9BE824F90F8000ED6974 /* Products */ = {
			isa = PBXGroup;
			children = (
				C33B9BE724F90F8000ED6974 /* Messenger.app */,
			);
			name = Products;
			sourceTree = "<group>";
		};
		C33B9BE924F90F8000ED6974 /* Messenger */ = {
			isa = PBXGroup;
			children = (
				C358E8FE24FA845000C9D542 /* GoogleService-Info.plist */,
				C33B9C0224F9124E00ED6974 /* Resources */,
				C33B9C0124F9124300ED6974 /* Views */,
				C33B9C0024F9123D00ED6974 /* Models */,
				C33B9BFF24F9122700ED6974 /* ViewModels */,
				C33B9BFE24F9121400ED6974 /* Controllers */,
				C33B9BF824F90F8700ED6974 /* Info.plist */,
			);
			path = Messenger;
			sourceTree = "<group>";
		};
		C33B9BFE24F9121400ED6974 /* Controllers */ = {
			isa = PBXGroup;
			children = (
				C33B9C1024F9164600ED6974 /* Onboarding */,
				C33B9C0824F9151B00ED6974 /* VideoPlayerViewController.swift */,
				C33B9C0A24F9152A00ED6974 /* PhotoViewerViewController.swift */,
				C33B9BEE24F90F8000ED6974 /* ChatViewController.swift */,
				C35FAEAA24FE292000A98E91 /* NewChatViewController.swift */,
				C35FAEA824FE19BA00A98E91 /* ChatToConversationController.swift */,
				C33B9C0C24F9153800ED6974 /* ProfileViewController.swift */,
			);
			path = Controllers;
			sourceTree = "<group>";
		};
		C33B9BFF24F9122700ED6974 /* ViewModels */ = {
			isa = PBXGroup;
			children = (
			);
			path = ViewModels;
			sourceTree = "<group>";
		};
		C33B9C0024F9123D00ED6974 /* Models */ = {
			isa = PBXGroup;
			children = (
				C339D1F524FB604A00A5B62B /* DatabaseManager.swift */,
				C339D1F724FB60B800A5B62B /* AuthManager.swift */,
			);
			path = Models;
			sourceTree = "<group>";
		};
		C33B9C0124F9124300ED6974 /* Views */ = {
			isa = PBXGroup;
			children = (
				C33B9BF324F90F8700ED6974 /* Assets.xcassets */,
				C33B9C0324F9127C00ED6974 /* Storyboards */,
			);
			path = Views;
			sourceTree = "<group>";
		};
		C33B9C0224F9124E00ED6974 /* Resources */ = {
			isa = PBXGroup;
			children = (
				C33B9BEA24F90F8000ED6974 /* AppDelegate.swift */,
				C33B9BEC24F90F8000ED6974 /* SceneDelegate.swift */,
				C339D1F924FBC59E00A5B62B /* Extensions.swift */,
			);
			path = Resources;
			sourceTree = "<group>";
		};
		C33B9C0324F9127C00ED6974 /* Storyboards */ = {
			isa = PBXGroup;
			children = (
				C33B9BF024F90F8000ED6974 /* Main.storyboard */,
				C33B9BF524F90F8700ED6974 /* LaunchScreen.storyboard */,
			);
			path = Storyboards;
			sourceTree = "<group>";
		};
		C33B9C1024F9164600ED6974 /* Onboarding */ = {
			isa = PBXGroup;
			children = (
				C33B9C0424F9150600ED6974 /* LoginViewController.swift */,
				C33B9C0624F9151000ED6974 /* RegisterViewController.swift */,
			);
			path = Onboarding;
			sourceTree = "<group>";
		};
/* End PBXGroup section */

/* Begin PBXNativeTarget section */
		C33B9BE624F90F8000ED6974 /* Messenger */ = {
			isa = PBXNativeTarget;
			buildConfigurationList = C33B9BFB24F90F8700ED6974 /* Build configuration list for PBXNativeTarget "Messenger" */;
			buildPhases = (
				1FF8FF4C5BFE267378898795 /* [CP] Check Pods Manifest.lock */,
				C33B9BE324F90F8000ED6974 /* Sources */,
				C33B9BE424F90F8000ED6974 /* Frameworks */,
				C33B9BE524F90F8000ED6974 /* Resources */,
				8D9FA20D6976F6F34A8E13BA /* [CP] Embed Pods Frameworks */,
				540772CA0FE201F7D0533CC2 /* [CP] Copy Pods Resources */,
			);
			buildRules = (
			);
			dependencies = (
			);
			name = Messenger;
			productName = Messenger;
			productReference = C33B9BE724F90F8000ED6974 /* Messenger.app */;
			productType = "com.apple.product-type.application";
		};
/* End PBXNativeTarget section */

/* Begin PBXProject section */
		C33B9BDF24F90F8000ED6974 /* Project object */ = {
			isa = PBXProject;
			attributes = {
				LastSwiftUpdateCheck = 1150;
				LastUpgradeCheck = 1150;
				ORGANIZATIONNAME = "Dewa Prabawa";
				TargetAttributes = {
					C33B9BE624F90F8000ED6974 = {
						CreatedOnToolsVersion = 11.5;
					};
				};
			};
			buildConfigurationList = C33B9BE224F90F8000ED6974 /* Build configuration list for PBXProject "Messenger" */;
			compatibilityVersion = "Xcode 9.3";
			developmentRegion = en;
			hasScannedForEncodings = 0;
			knownRegions = (
				en,
				Base,
			);
			mainGroup = C33B9BDE24F90F8000ED6974;
			productRefGroup = C33B9BE824F90F8000ED6974 /* Products */;
			projectDirPath = "";
			projectRoot = "";
			targets = (
				C33B9BE624F90F8000ED6974 /* Messenger */,
			);
		};
/* End PBXProject section */

/* Begin PBXResourcesBuildPhase section */
		C33B9BE524F90F8000ED6974 /* Resources */ = {
			isa = PBXResourcesBuildPhase;
			buildActionMask = 2147483647;
			files = (
				C33B9BF724F90F8700ED6974 /* LaunchScreen.storyboard in Resources */,
				C358E8FF24FA845000C9D542 /* GoogleService-Info.plist in Resources */,
				C33B9BF424F90F8700ED6974 /* Assets.xcassets in Resources */,
				C33B9BF224F90F8000ED6974 /* Main.storyboard in Resources */,
			);
			runOnlyForDeploymentPostprocessing = 0;
		};
/* End PBXResourcesBuildPhase section */

/* Begin PBXShellScriptBuildPhase section */
		1FF8FF4C5BFE267378898795 /* [CP] Check Pods Manifest.lock */ = {
			isa = PBXShellScriptBuildPhase;
			buildActionMask = 2147483647;
			files = (
			);
			inputFileListPaths = (
			);
			inputPaths = (
				"${PODS_PODFILE_DIR_PATH}/Podfile.lock",
				"${PODS_ROOT}/Manifest.lock",
			);
			name = "[CP] Check Pods Manifest.lock";
			outputFileListPaths = (
			);
			outputPaths = (
				"$(DERIVED_FILE_DIR)/Pods-Messenger-checkManifestLockResult.txt",
			);
			runOnlyForDeploymentPostprocessing = 0;
			shellPath = /bin/sh;
			shellScript = "diff \"${PODS_PODFILE_DIR_PATH}/Podfile.lock\" \"${PODS_ROOT}/Manifest.lock\" > /dev/null\nif [ $? != 0 ] ; then\n    # print error to STDERR\n    echo \"error: The sandbox is not in sync with the Podfile.lock. Run 'pod install' or update your CocoaPods installation.\" >&2\n    exit 1\nfi\n# This output is used by Xcode 'outputs' to avoid re-running this script phase.\necho \"SUCCESS\" > \"${SCRIPT_OUTPUT_FILE_0}\"\n";
			showEnvVarsInLog = 0;
		};
		540772CA0FE201F7D0533CC2 /* [CP] Copy Pods Resources */ = {
			isa = PBXShellScriptBuildPhase;
			buildActionMask = 2147483647;
			files = (
			);
			inputFileListPaths = (
				"${PODS_ROOT}/Target Support Files/Pods-Messenger/Pods-Messenger-resources-${CONFIGURATION}-input-files.xcfilelist",
			);
			name = "[CP] Copy Pods Resources";
			outputFileListPaths = (
				"${PODS_ROOT}/Target Support Files/Pods-Messenger/Pods-Messenger-resources-${CONFIGURATION}-output-files.xcfilelist",
			);
			runOnlyForDeploymentPostprocessing = 0;
			shellPath = /bin/sh;
			shellScript = "\"${PODS_ROOT}/Target Support Files/Pods-Messenger/Pods-Messenger-resources.sh\"\n";
			showEnvVarsInLog = 0;
		};
		8D9FA20D6976F6F34A8E13BA /* [CP] Embed Pods Frameworks */ = {
			isa = PBXShellScriptBuildPhase;
			buildActionMask = 2147483647;
			files = (
			);
			inputFileListPaths = (
				"${PODS_ROOT}/Target Support Files/Pods-Messenger/Pods-Messenger-frameworks-${CONFIGURATION}-input-files.xcfilelist",
			);
			name = "[CP] Embed Pods Frameworks";
			outputFileListPaths = (
				"${PODS_ROOT}/Target Support Files/Pods-Messenger/Pods-Messenger-frameworks-${CONFIGURATION}-output-files.xcfilelist",
			);
			runOnlyForDeploymentPostprocessing = 0;
			shellPath = /bin/sh;
			shellScript = "\"${PODS_ROOT}/Target Support Files/Pods-Messenger/Pods-Messenger-frameworks.sh\"\n";
			showEnvVarsInLog = 0;
		};
/* End PBXShellScriptBuildPhase section */

/* Begin PBXSourcesBuildPhase section */
		C33B9BE324F90F8000ED6974 /* Sources */ = {
			isa = PBXSourcesBuildPhase;
			buildActionMask = 2147483647;
			files = (
				C33B9C0524F9150600ED6974 /* LoginViewController.swift in Sources */,
				C339D1F624FB604A00A5B62B /* DatabaseManager.swift in Sources */,
				C33B9C0724F9151000ED6974 /* RegisterViewController.swift in Sources */,
				C33B9BEF24F90F8000ED6974 /* ChatViewController.swift in Sources */,
				C35FAEA924FE19BA00A98E91 /* ChatToConversationController.swift in Sources */,
				C33B9C0B24F9152A00ED6974 /* PhotoViewerViewController.swift in Sources */,
				C33B9C0924F9151B00ED6974 /* VideoPlayerViewController.swift in Sources */,
				C339D1FA24FBC59E00A5B62B /* Extensions.swift in Sources */,
				C33B9BEB24F90F8000ED6974 /* AppDelegate.swift in Sources */,
				C339D1F824FB60B800A5B62B /* AuthManager.swift in Sources */,
				C33B9C0D24F9153800ED6974 /* ProfileViewController.swift in Sources */,
				C33B9BED24F90F8000ED6974 /* SceneDelegate.swift in Sources */,
				C35FAEAB24FE292000A98E91 /* NewChatViewController.swift in Sources */,
			);
			runOnlyForDeploymentPostprocessing = 0;
		};
/* End PBXSourcesBuildPhase section */

/* Begin PBXVariantGroup section */
		C33B9BF024F90F8000ED6974 /* Main.storyboard */ = {
			isa = PBXVariantGroup;
			children = (
				C33B9BF124F90F8000ED6974 /* Base */,
			);
			name = Main.storyboard;
			sourceTree = "<group>";
		};
		C33B9BF524F90F8700ED6974 /* LaunchScreen.storyboard */ = {
			isa = PBXVariantGroup;
			children = (
				C33B9BF624F90F8700ED6974 /* Base */,
			);
			name = LaunchScreen.storyboard;
			sourceTree = "<group>";
		};
/* End PBXVariantGroup section */

/* Begin XCBuildConfiguration section */
		C33B9BF924F90F8700ED6974 /* Debug */ = {
			isa = XCBuildConfiguration;
			buildSettings = {
				ALWAYS_SEARCH_USER_PATHS = NO;
				CLANG_ANALYZER_NONNULL = YES;
				CLANG_ANALYZER_NUMBER_OBJECT_CONVERSION = YES_AGGRESSIVE;
				CLANG_CXX_LANGUAGE_STANDARD = "gnu++14";
				CLANG_CXX_LIBRARY = "libc++";
				CLANG_ENABLE_MODULES = YES;
				CLANG_ENABLE_OBJC_ARC = YES;
				CLANG_ENABLE_OBJC_WEAK = YES;
				CLANG_WARN_BLOCK_CAPTURE_AUTORELEASING = YES;
				CLANG_WARN_BOOL_CONVERSION = YES;
				CLANG_WARN_COMMA = YES;
				CLANG_WARN_CONSTANT_CONVERSION = YES;
				CLANG_WARN_DEPRECATED_OBJC_IMPLEMENTATIONS = YES;
				CLANG_WARN_DIRECT_OBJC_ISA_USAGE = YES_ERROR;
				CLANG_WARN_DOCUMENTATION_COMMENTS = YES;
				CLANG_WARN_EMPTY_BODY = YES;
				CLANG_WARN_ENUM_CONVERSION = YES;
				CLANG_WARN_INFINITE_RECURSION = YES;
				CLANG_WARN_INT_CONVERSION = YES;
				CLANG_WARN_NON_LITERAL_NULL_CONVERSION = YES;
				CLANG_WARN_OBJC_IMPLICIT_RETAIN_SELF = YES;
				CLANG_WARN_OBJC_LITERAL_CONVERSION = YES;
				CLANG_WARN_OBJC_ROOT_CLASS = YES_ERROR;
				CLANG_WARN_RANGE_LOOP_ANALYSIS = YES;
				CLANG_WARN_STRICT_PROTOTYPES = YES;
				CLANG_WARN_SUSPICIOUS_MOVE = YES;
				CLANG_WARN_UNGUARDED_AVAILABILITY = YES_AGGRESSIVE;
				CLANG_WARN_UNREACHABLE_CODE = YES;
				CLANG_WARN__DUPLICATE_METHOD_MATCH = YES;
				COPY_PHASE_STRIP = NO;
				DEBUG_INFORMATION_FORMAT = dwarf;
				ENABLE_STRICT_OBJC_MSGSEND = YES;
				ENABLE_TESTABILITY = YES;
				GCC_C_LANGUAGE_STANDARD = gnu11;
				GCC_DYNAMIC_NO_PIC = NO;
				GCC_NO_COMMON_BLOCKS = YES;
				GCC_OPTIMIZATION_LEVEL = 0;
				GCC_PREPROCESSOR_DEFINITIONS = (
					"DEBUG=1",
					"$(inherited)",
				);
				GCC_WARN_64_TO_32_BIT_CONVERSION = YES;
				GCC_WARN_ABOUT_RETURN_TYPE = YES_ERROR;
				GCC_WARN_UNDECLARED_SELECTOR = YES;
				GCC_WARN_UNINITIALIZED_AUTOS = YES_AGGRESSIVE;
				GCC_WARN_UNUSED_FUNCTION = YES;
				GCC_WARN_UNUSED_VARIABLE = YES;
				IPHONEOS_DEPLOYMENT_TARGET = 13.5;
				MTL_ENABLE_DEBUG_INFO = INCLUDE_SOURCE;
				MTL_FAST_MATH = YES;
				ONLY_ACTIVE_ARCH = YES;
				SDKROOT = iphoneos;
				SWIFT_ACTIVE_COMPILATION_CONDITIONS = DEBUG;
				SWIFT_OPTIMIZATION_LEVEL = "-Onone";
			};
			name = Debug;
		};
		C33B9BFA24F90F8700ED6974 /* Release */ = {
			isa = XCBuildConfiguration;
			buildSettings = {
				ALWAYS_SEARCH_USER_PATHS = NO;
				CLANG_ANALYZER_NONNULL = YES;
				CLANG_ANALYZER_NUMBER_OBJECT_CONVERSION = YES_AGGRESSIVE;
				CLANG_CXX_LANGUAGE_STANDARD = "gnu++14";
				CLANG_CXX_LIBRARY = "libc++";
				CLANG_ENABLE_MODULES = YES;
				CLANG_ENABLE_OBJC_ARC = YES;
				CLANG_ENABLE_OBJC_WEAK = YES;
				CLANG_WARN_BLOCK_CAPTURE_AUTORELEASING = YES;
				CLANG_WARN_BOOL_CONVERSION = YES;
				CLANG_WARN_COMMA = YES;
				CLANG_WARN_CONSTANT_CONVERSION = YES;
				CLANG_WARN_DEPRECATED_OBJC_IMPLEMENTATIONS = YES;
				CLANG_WARN_DIRECT_OBJC_ISA_USAGE = YES_ERROR;
				CLANG_WARN_DOCUMENTATION_COMMENTS = YES;
				CLANG_WARN_EMPTY_BODY = YES;
				CLANG_WARN_ENUM_CONVERSION = YES;
				CLANG_WARN_INFINITE_RECURSION = YES;
				CLANG_WARN_INT_CONVERSION = YES;
				CLANG_WARN_NON_LITERAL_NULL_CONVERSION = YES;
				CLANG_WARN_OBJC_IMPLICIT_RETAIN_SELF = YES;
				CLANG_WARN_OBJC_LITERAL_CONVERSION = YES;
				CLANG_WARN_OBJC_ROOT_CLASS = YES_ERROR;
				CLANG_WARN_RANGE_LOOP_ANALYSIS = YES;
				CLANG_WARN_STRICT_PROTOTYPES = YES;
				CLANG_WARN_SUSPICIOUS_MOVE = YES;
				CLANG_WARN_UNGUARDED_AVAILABILITY = YES_AGGRESSIVE;
				CLANG_WARN_UNREACHABLE_CODE = YES;
				CLANG_WARN__DUPLICATE_METHOD_MATCH = YES;
				COPY_PHASE_STRIP = NO;
				DEBUG_INFORMATION_FORMAT = "dwarf-with-dsym";
				ENABLE_NS_ASSERTIONS = NO;
				ENABLE_STRICT_OBJC_MSGSEND = YES;
				GCC_C_LANGUAGE_STANDARD = gnu11;
				GCC_NO_COMMON_BLOCKS = YES;
				GCC_WARN_64_TO_32_BIT_CONVERSION = YES;
				GCC_WARN_ABOUT_RETURN_TYPE = YES_ERROR;
				GCC_WARN_UNDECLARED_SELECTOR = YES;
				GCC_WARN_UNINITIALIZED_AUTOS = YES_AGGRESSIVE;
				GCC_WARN_UNUSED_FUNCTION = YES;
				GCC_WARN_UNUSED_VARIABLE = YES;
				IPHONEOS_DEPLOYMENT_TARGET = 13.5;
				MTL_ENABLE_DEBUG_INFO = NO;
				MTL_FAST_MATH = YES;
				SDKROOT = iphoneos;
				SWIFT_COMPILATION_MODE = wholemodule;
				SWIFT_OPTIMIZATION_LEVEL = "-O";
				VALIDATE_PRODUCT = YES;
			};
			name = Release;
		};
		C33B9BFC24F90F8700ED6974 /* Debug */ = {
			isa = XCBuildConfiguration;
			baseConfigurationReference = 85D07D0E0FE3854251931C5E /* Pods-Messenger.debug.xcconfig */;
			buildSettings = {
				ASSETCATALOG_COMPILER_APPICON_NAME = AppIcon;
				CODE_SIGN_STYLE = Automatic;
				INFOPLIST_FILE = Messenger/Info.plist;
				LD_RUNPATH_SEARCH_PATHS = (
					"$(inherited)",
					"@executable_path/Frameworks",
				);
				PRODUCT_BUNDLE_IDENTIFIER = Dewaprabawa.Messenger;
				PRODUCT_NAME = "$(TARGET_NAME)";
				SWIFT_VERSION = 5.0;
				TARGETED_DEVICE_FAMILY = "1,2";
			};
			name = Debug;
		};
		C33B9BFD24F90F8700ED6974 /* Release */ = {
			isa = XCBuildConfiguration;
			baseConfigurationReference = 08408D852D8BFCF72C607357 /* Pods-Messenger.release.xcconfig */;
			buildSettings = {
				ASSETCATALOG_COMPILER_APPICON_NAME = AppIcon;
				CODE_SIGN_STYLE = Automatic;
				INFOPLIST_FILE = Messenger/Info.plist;
				LD_RUNPATH_SEARCH_PATHS = (
					"$(inherited)",
					"@executable_path/Frameworks",
				);
				PRODUCT_BUNDLE_IDENTIFIER = Dewaprabawa.Messenger;
				PRODUCT_NAME = "$(TARGET_NAME)";
				SWIFT_VERSION = 5.0;
				TARGETED_DEVICE_FAMILY = "1,2";
			};
			name = Release;
		};
/* End XCBuildConfiguration section */

/* Begin XCConfigurationList section */
		C33B9BE224F90F8000ED6974 /* Build configuration list for PBXProject "Messenger" */ = {
			isa = XCConfigurationList;
			buildConfigurations = (
				C33B9BF924F90F8700ED6974 /* Debug */,
				C33B9BFA24F90F8700ED6974 /* Release */,
			);
			defaultConfigurationIsVisible = 0;
			defaultConfigurationName = Release;
		};
		C33B9BFB24F90F8700ED6974 /* Build configuration list for PBXNativeTarget "Messenger" */ = {
			isa = XCConfigurationList;
			buildConfigurations = (
				C33B9BFC24F90F8700ED6974 /* Debug */,
				C33B9BFD24F90F8700ED6974 /* Release */,
			);
			defaultConfigurationIsVisible = 0;
			defaultConfigurationName = Release;
		};
/* End XCConfigurationList section */
	};
	rootObject = C33B9BDF24F90F8000ED6974 /* Project object */;
}
